{
    "_meta": {
        "hash": {
            "sha256": "93dcd591e5690d3a71cb02979cbe317e83e3c03ec020867bf1554a480ef5cd8a"
        },
        "pipfile-spec": 6,
        "requires": {
            "python_version": "3.6"
        },
        "sources": [
            {
                "name": "pypi",
                "url": "https://pypi.org/simple",
                "verify_ssl": true
            }
        ]
    },
    "default": {
        "aiofiles": {
            "hashes": [
                "sha256:021ea0ba314a86027c166ecc4b4c07f2d40fc0f4b3a950d1868a0f2571c2bbee",
                "sha256:1e644c2573f953664368de28d2aa4c89dfd64550429d0c27c4680ccd3aa4985d"
            ],
            "version": "==0.4.0"
        },
        "httptools": {
            "hashes": [
                "sha256:04c7703bbef0e8ca28b09811547352b8c7c20549eab70dc24e536bb24fd2b7c5"
            ],
            "version": "==0.0.11"
        },
        "multidict": {
            "hashes": [
                "sha256:0573239b5241a075b944b39bdf87fb6600e3a56ad5ca6d2ba9699d62de872309",
                "sha256:085b1f55327b4c8c425ce96a7fdfd6a6a1e864444a90d2107f47de4c53b6edea",
                "sha256:1ee14a2e7bef872ddac61450e6128aae21304b5165d21fd04681faa3261a7b2e",
                "sha256:2c1791371a973d93facccc38adf9e9c14656bf85c2beddd48329134d139b6e7f",
                "sha256:2cda0064cab0e2d46b02aeee9e218066993b40d4900b07d8360f54c80eed4c5c",
                "sha256:3574eef3ceb983658c3c8bef0c1b3771a2dea338b3822a0c2bec03363f1dc8bb",
                "sha256:3864b26cdb1c7454809ec12fb0998989b8832ebb8423aa69ff3a1ad82b9756f3",
                "sha256:3e6f7161ea60795f33b21e91b5c9fa66a3dd416f949684ade8ba8a9b193f7e50",
                "sha256:3fa7944194cc96319cbbd53a1e0fb6dfe1e437efb75117828c35ce5b30d9d0c9",
                "sha256:470ddec7a3ae052862af73dd39a1b1c582a1ec397f8643f09658de56a0a84ac9",
                "sha256:5cb1a5926fe898451688036b5e95863c6e75110c98810584695b2403cb04522f",
                "sha256:754ed617ecb736261ee3595b4a5dc035bcb5e897ce0a0148252aa8cbc2e59e60",
                "sha256:79879c5c0434840d6ac5246e53d22e18c7f5b87419abb968e6357ba65386993a",
                "sha256:7db4a72fa35bbe9ccaf3c856b14d89e26e8de5ca0c31604ac5970a3746182f5a",
                "sha256:839676a86dbadf4a0be32ca580292c764245044eae324ebfc55362c13886d5d6",
                "sha256:8805d8eec8437f9d2b3fd5c09822ef259af08ece0a19f41d2ad8d322a7a67054",
                "sha256:8cbb4725aad6dc38cca571dab803f53ed76fc5cc468088636b42b539719aa5f9",
                "sha256:9137d7e3db47641aa86526b60dd3d50d2066617668f8617f0c16adf92dfbaa9e",
                "sha256:a6d985c3ccc1fca18cfd415406047f0984e3b07f533d50aa91c36eadb46681a9",
                "sha256:af381425a02e0a235b23a685cda2d94cd0679ed8257d8a54c5f03ff2eee1fbb7",
                "sha256:b7399dfd7f977c419d6e2b08d1099afe00f51454eb2ecc6b067c9eba6efb0a34",
                "sha256:b8204fe2cb7199ecd568e67268a49d87f031c294e46d6fdf17bd1e544bcb81ba",
                "sha256:ba973fd954f3de8e47e4be43f530729dd7e894615d3734a1b23f4de14f883142",
                "sha256:c00b1423d09a73c94553f80ea52dc8c4341beae448bd4468a603263040debb17",
                "sha256:ca4fab7f9590b7fa6c5dcde16356726f254456a2bb33d98828d896ba57a5eda1",
                "sha256:dcb97bf0efa02a067f2a42c457dfa1548d8bc8913c12f96e26460709bc8a2ae5",
                "sha256:e7d1f2671bd62064da2c7d6318c4f9307889cb85c59e00b2d1a66c2ed3bae3eb",
                "sha256:ed8a1c22cbf6b0840e8b8a436bc378164a0474580968f38a0eeec8ed7cb78b75",
                "sha256:f3826e28328455f62e8de193fb4ab5349ad78da693f1e002fd90d249a0cfaa8b"
            ],
            "version": "==4.5.0"
        },
        "sanic": {
            "hashes": [
                "sha256:36aede00c7b82eb3755accca6e3a411e43d4b61e345a6f2b750daf1d14fefb00",
                "sha256:ba2d3c493a885fbdd5434856890875e6f44d61ffaf65d22681e9a3b1bcc55647"
            ],
            "index": "pypi",
            "version": "==0.8.3"
        },
        "ujson": {
            "hashes": [
                "sha256:f66073e5506e91d204ab0c614a148d5aa938bdbf104751be66f8ad7a222f5f86"
            ],
            "markers": "sys_platform != 'win32' and implementation_name == 'cpython'",
            "version": "==1.35"
        },
        "uvloop": {
            "hashes": [
                "sha256:159331750bfce6f0f2bd227fd5e3ccb8db8d2bbe08e84b9db5b6c647f651f5c0",
                "sha256:1cf6c111a19f782813ca57fa51a993978f4686de5e3ab5746bcd57af1a3ae4f8",
                "sha256:48da0b548a341c1add4c7bc9dd453a9e9feb3b260c6055751fe6c209f957aeda",
                "sha256:6549c9384a0256c97628f7a000b647e9496f7f8b211736f2e0b6858a738006bd",
                "sha256:708654c8e445f92160fc9e5c93387ca73f38904632527e5d38eb13eaa4fd0a12",
                "sha256:8b53ed6d07b3aa8c8255d2f9fcaf7107cd4949c6892fa561472021ecec205764",
                "sha256:8f92c4ae4fcf497ca48e5d2f2032b1eabd48878b7a46b7748dfa8d607ef250b1",
                "sha256:951331edad369cb9c000085e31da6bbb8af8ab791a726f7b29a608ccd79a6b74",
                "sha256:ab435a1ba78931ca8694a58478a7449b481c8442789e3420f31a593794c1c481",
                "sha256:fd5042d0a2ea07b92d0e2190f7711feb91cde31cf2bf1829e2e8c4c0fdd1f1aa"
            ],
            "markers": "sys_platform != 'win32' and implementation_name == 'cpython'",
            "version": "==0.11.3"
        },
        "websockets": {
            "hashes": [
                "sha256:0b7b561bcbf992edd54e961b89551b5b6073415a0446fe445bd6554d41dabb95",
                "sha256:2469c98f2254878a49a6eda248d3ed8a89bbdca85cc316ff72ea15924cec9e1f",
                "sha256:29b676568e4fcb1a05064473b96243ef4e9391f251b4c485cf7f93507787b459",
                "sha256:2a05e42400de009c1c330167cd6d90b300d2364d2dd1e6539d01a6a22901967b",
                "sha256:39241fb291c1648e33dc41208be876a5771466291f0f6f7bff8f6732373084bd",
                "sha256:43c332fc331541c57d40c124089b270d668c25a6b04908bd688969375db7327f",
                "sha256:480259ec6e80f28859f23b5c231beb856fb96ab30e64ee621fdaf27da1515604",
                "sha256:9049ec652713f5132b512d3498c2d37264580714ccc95dbc0f7f9622c3f6da7e",
                "sha256:a17c45716178a42cc8f66f587507f01e169a75556749d88f714e4c1d295885d1",
                "sha256:a49d315db5a7a19d55422e1678e8a1c3b9661d7296bef3179fa620cf80b12674",
                "sha256:a911beb8149d7dae9d4c942927c448c05c41dfaa9c002a6bc26e269df932769b",
                "sha256:cf34479130704797ce28a478f0b5985abe71ea90999a1c956e15fe0b0b11d0dc",
                "sha256:d3724acff61ee1029fefc614cf005982338b033998a0b71fbb13a0a2fd99ab6f"
            ],
            "version": "==5.0.1"
        }
    },
    "develop": {}
}
